
Microsoft Visual Studio Solution File, Format Version 12.00
# Visual Studio Version 17
VisualStudioVersion = 17.3.32929.385
MinimumVisualStudioVersion = 10.0.40219.1
Project("{9A19103F-16F7-4668-BE54-9A1E7A4F7556}") = "ReceiptReaderDemo", "ReceiptReaderDemo\ReceiptReaderDemo.csproj", "{9AACF445-42D8-43E6-BE63-F205903774BF}"
EndProject
Project("{FAE04EC0-301F-11D3-BF4B-00C04F79EFBC}") = "ReceiptReaderDemo.Tests", "ReceiptReaderDemo.Tests\ReceiptReaderDemo.Tests.csproj", "{3AB27772-F2D5-45E9-AED4-D6EF7ADCCA11}"
EndProject
Global
	GlobalSection(SolutionConfigurationPlatforms) = preSolution
		Debug|Any CPU = Debug|Any CPU
		Release|Any CPU = Release|Any CPU
	EndGlobalSection
	GlobalSection(ProjectConfigurationPlatforms) = postSolution
		{9AACF445-42D8-43E6-BE63-F205903774BF}.Debug|Any CPU.ActiveCfg = Debug|Any CPU
		{9AACF445-42D8-43E6-BE63-F205903774BF}.Debug|Any CPU.Build.0 = Debug|Any CPU
		{9AACF445-42D8-43E6-BE63-F205903774BF}.Release|Any CPU.ActiveCfg = Release|Any CPU
		{9AACF445-42D8-43E6-BE63-F205903774BF}.Release|Any CPU.Build.0 = Release|Any CPU
		{3AB27772-F2D5-45E9-AED4-D6EF7ADCCA11}.Debug|Any CPU.ActiveCfg = Debug|Any CPU
		{3AB27772-F2D5-45E9-AED4-D6EF7ADCCA11}.Debug|Any CPU.Build.0 = Debug|Any CPU
		{3AB27772-F2D5-45E9-AED4-D6EF7ADCCA11}.Release|Any CPU.ActiveCfg = Release|Any CPU
		{3AB27772-F2D5-45E9-AED4-D6EF7ADCCA11}.Release|Any CPU.Build.0 = Release|Any CPU
	EndGlobalSection
	GlobalSection(SolutionProperties) = preSolution
		HideSolutionNode = FALSE
	EndGlobalSection
	GlobalSection(ExtensibilityGlobals) = postSolution
		SolutionGuid = {1E648431-F793-4EF9-B2C7-1BCE88C8F829}
	EndGlobalSection
EndGlobal
